
Microsoft Visual Studio Solution File, Format Version 12.00
# Visual Studio Version 17
VisualStudioVersion = 17.13.35828.75 d17.13
MinimumVisualStudioVersion = 10.0.40219.1
Project("{FAE04EC0-301F-11D3-BF4B-00C04F79EFBC}") = "ThuatToanSapXep", "ThuatToanSapXep\ThuatToanSapXep.csproj", "{7E306C04-D56E-4FF7-B39A-E29836A4D80E}"
EndProject
Global
	GlobalSection(SolutionConfigurationPlatforms) = preSolution
		Debug|Any CPU = Debug|Any CPU
		Release|Any CPU = Release|Any CPU
	EndGlobalSection
	GlobalSection(ProjectConfigurationPlatforms) = postSolution
		{7E306C04-D56E-4FF7-B39A-E29836A4D80E}.Debug|Any CPU.ActiveCfg = Debug|Any CPU
		{7E306C04-D56E-4FF7-B39A-E29836A4D80E}.Debug|Any CPU.Build.0 = Debug|Any CPU
		{7E306C04-D56E-4FF7-B39A-E29836A4D80E}.Release|Any CPU.ActiveCfg = Release|Any CPU
		{7E306C04-D56E-4FF7-B39A-E29836A4D80E}.Release|Any CPU.Build.0 = Release|Any CPU
	EndGlobalSection
	GlobalSection(SolutionProperties) = preSolution
		HideSolutionNode = FALSE
	EndGlobalSection
	GlobalSection(ExtensibilityGlobals) = postSolution
		SolutionGuid = {8928F2A1-74A4-43BB-B27A-74BBF8FE6493}
	EndGlobalSection
EndGlobal
